// !$*UTF8*$!
{
	archiveVersion = 1;
	classes = {
	};
	objectVersion = 77;
	objects = {

/* Begin PBXBuildFile section */
		F24B7B422E0AC5C0005A7BDB /* DataModels in Frameworks */ = {isa = PBXBuildFile; productRef = F24B7B412E0AC5C0005A7BDB /* DataModels */; };
		F2B350DE2E097BEB00E36157 /* FirebaseAuth in Frameworks */ = {isa = PBXBuildFile; productRef = F2B350DD2E097BEB00E36157 /* FirebaseAuth */; };
		F2B350E02E097BEB00E36157 /* FirebaseCore in Frameworks */ = {isa = PBXBuildFile; productRef = F2B350DF2E097BEB00E36157 /* FirebaseCore */; };
		F2D551922DFACB6E003841BA /* ValidationKit in Frameworks */ = {isa = PBXBuildFile; productRef = F2D551912DFACB6E003841BA /* ValidationKit */; };
/* End PBXBuildFile section */

/* Begin PBXContainerItemProxy section */
		F2D551742DFAC72A003841BA /* PBXContainerItemProxy */ = {
			isa = PBXContainerItemProxy;
			containerPortal = F2D551562DFAC728003841BA /* Project object */;
			proxyType = 1;
			remoteGlobalIDString = F2D5515D2DFAC728003841BA;
			remoteInfo = "E-Commerce-Solution";
		};
		F2D5517E2DFAC72A003841BA /* PBXContainerItemProxy */ = {
			isa = PBXContainerItemProxy;
			containerPortal = F2D551562DFAC728003841BA /* Project object */;
			proxyType = 1;
			remoteGlobalIDString = F2D5515D2DFAC728003841BA;
			remoteInfo = "E-Commerce-Solution";
		};
/* End PBXContainerItemProxy section */

/* Begin PBXFileReference section */
		F2523A532E0025640018D741 /* E-Commerce-Solution.xctestplan */ = {isa = PBXFileReference; lastKnownFileType = text; path = "E-Commerce-Solution.xctestplan"; sourceTree = "<group>"; };
		F2D5515E2DFAC728003841BA /* E-Commerce-Solution.app */ = {isa = PBXFileReference; explicitFileType = wrapper.application; includeInIndex = 0; path = "E-Commerce-Solution.app"; sourceTree = BUILT_PRODUCTS_DIR; };
		F2D551732DFAC72A003841BA /* E-Commerce-SolutionTests.xctest */ = {isa = PBXFileReference; explicitFileType = wrapper.cfbundle; includeInIndex = 0; path = "E-Commerce-SolutionTests.xctest"; sourceTree = BUILT_PRODUCTS_DIR; };
		F2D5517D2DFAC72A003841BA /* E-Commerce-SolutionUITests.xctest */ = {isa = PBXFileReference; explicitFileType = wrapper.cfbundle; includeInIndex = 0; path = "E-Commerce-SolutionUITests.xctest"; sourceTree = BUILT_PRODUCTS_DIR; };
/* End PBXFileReference section */

/* Begin PBXFileSystemSynchronizedRootGroup section */
		F2D551602DFAC728003841BA /* E-Commerce-Solution */ = {
			isa = PBXFileSystemSynchronizedRootGroup;
			path = "E-Commerce-Solution";
			sourceTree = "<group>";
		};
		F2D551762DFAC72A003841BA /* E-Commerce-SolutionTests */ = {
			isa = PBXFileSystemSynchronizedRootGroup;
			path = "E-Commerce-SolutionTests";
			sourceTree = "<group>";
		};
		F2D551802DFAC72A003841BA /* E-Commerce-SolutionUITests */ = {
			isa = PBXFileSystemSynchronizedRootGroup;
			path = "E-Commerce-SolutionUITests";
			sourceTree = "<group>";
		};
/* End PBXFileSystemSynchronizedRootGroup section */

/* Begin PBXFrameworksBuildPhase section */
		F2D5515B2DFAC728003841BA /* Frameworks */ = {
			isa = PBXFrameworksBuildPhase;
			buildActionMask = 2147483647;
			files = (
				F24B7B422E0AC5C0005A7BDB /* DataModels in Frameworks */,
				F2B350DE2E097BEB00E36157 /* FirebaseAuth in Frameworks */,
				F2B350E02E097BEB00E36157 /* FirebaseCore in Frameworks */,
				F2D551922DFACB6E003841BA /* ValidationKit in Frameworks */,
			);
			runOnlyForDeploymentPostprocessing = 0;
		};
		F2D551702DFAC72A003841BA /* Frameworks */ = {
			isa = PBXFrameworksBuildPhase;
			buildActionMask = 2147483647;
			files = (
			);
			runOnlyForDeploymentPostprocessing = 0;
		};
		F2D5517A2DFAC72A003841BA /* Frameworks */ = {
			isa = PBXFrameworksBuildPhase;
			buildActionMask = 2147483647;
			files = (
			);
			runOnlyForDeploymentPostprocessing = 0;
		};
/* End PBXFrameworksBuildPhase section */

/* Begin PBXGroup section */
		F2D551552DFAC728003841BA = {
			isa = PBXGroup;
			children = (
				F2523A532E0025640018D741 /* E-Commerce-Solution.xctestplan */,
				F2D551602DFAC728003841BA /* E-Commerce-Solution */,
				F2D551762DFAC72A003841BA /* E-Commerce-SolutionTests */,
				F2D551802DFAC72A003841BA /* E-Commerce-SolutionUITests */,
				F2D5515F2DFAC728003841BA /* Products */,
			);
			sourceTree = "<group>";
		};
		F2D5515F2DFAC728003841BA /* Products */ = {
			isa = PBXGroup;
			children = (
				F2D5515E2DFAC728003841BA /* E-Commerce-Solution.app */,
				F2D551732DFAC72A003841BA /* E-Commerce-SolutionTests.xctest */,
				F2D5517D2DFAC72A003841BA /* E-Commerce-SolutionUITests.xctest */,
			);
			name = Products;
			sourceTree = "<group>";
		};
/* End PBXGroup section */

/* Begin PBXNativeTarget section */
		F2D5515D2DFAC728003841BA /* E-Commerce-Solution */ = {
			isa = PBXNativeTarget;
			buildConfigurationList = F2D551872DFAC72A003841BA /* Build configuration list for PBXNativeTarget "E-Commerce-Solution" */;
			buildPhases = (
				F2D5515A2DFAC728003841BA /* Sources */,
				F2D5515B2DFAC728003841BA /* Frameworks */,
				F2D5515C2DFAC728003841BA /* Resources */,
			);
			buildRules = (
			);
			dependencies = (
			);
			fileSystemSynchronizedGroups = (
				F2D551602DFAC728003841BA /* E-Commerce-Solution */,
			);
			name = "E-Commerce-Solution";
			packageProductDependencies = (
				F2D551912DFACB6E003841BA /* ValidationKit */,
				F2B350DD2E097BEB00E36157 /* FirebaseAuth */,
				F2B350DF2E097BEB00E36157 /* FirebaseCore */,
				F24B7B412E0AC5C0005A7BDB /* DataModels */,
			);
			productName = "E-Commerce-Solution";
			productReference = F2D5515E2DFAC728003841BA /* E-Commerce-Solution.app */;
			productType = "com.apple.product-type.application";
		};
		F2D551722DFAC72A003841BA /* E-Commerce-SolutionTests */ = {
			isa = PBXNativeTarget;
			buildConfigurationList = F2D5518A2DFAC72A003841BA /* Build configuration list for PBXNativeTarget "E-Commerce-SolutionTests" */;
			buildPhases = (
				F2D5516F2DFAC72A003841BA /* Sources */,
				F2D551702DFAC72A003841BA /* Frameworks */,
				F2D551712DFAC72A003841BA /* Resources */,
			);
			buildRules = (
			);
			dependencies = (
				F2D551752DFAC72A003841BA /* PBXTargetDependency */,
			);
			fileSystemSynchronizedGroups = (
				F2D551762DFAC72A003841BA /* E-Commerce-SolutionTests */,
			);
			name = "E-Commerce-SolutionTests";
			packageProductDependencies = (
			);
			productName = "E-Commerce-SolutionTests";
			productReference = F2D551732DFAC72A003841BA /* E-Commerce-SolutionTests.xctest */;
			productType = "com.apple.product-type.bundle.unit-test";
		};
		F2D5517C2DFAC72A003841BA /* E-Commerce-SolutionUITests */ = {
			isa = PBXNativeTarget;
			buildConfigurationList = F2D5518D2DFAC72A003841BA /* Build configuration list for PBXNativeTarget "E-Commerce-SolutionUITests" */;
			buildPhases = (
				F2D551792DFAC72A003841BA /* Sources */,
				F2D5517A2DFAC72A003841BA /* Frameworks */,
				F2D5517B2DFAC72A003841BA /* Resources */,
			);
			buildRules = (
			);
			dependencies = (
				F2D5517F2DFAC72A003841BA /* PBXTargetDependency */,
			);
			fileSystemSynchronizedGroups = (
				F2D551802DFAC72A003841BA /* E-Commerce-SolutionUITests */,
			);
			name = "E-Commerce-SolutionUITests";
			packageProductDependencies = (
			);
			productName = "E-Commerce-SolutionUITests";
			productReference = F2D5517D2DFAC72A003841BA /* E-Commerce-SolutionUITests.xctest */;
			productType = "com.apple.product-type.bundle.ui-testing";
		};
/* End PBXNativeTarget section */

/* Begin PBXProject section */
		F2D551562DFAC728003841BA /* Project object */ = {
			isa = PBXProject;
			attributes = {
				BuildIndependentTargetsInParallel = 1;
				LastSwiftUpdateCheck = 1620;
				LastUpgradeCheck = 1620;
				TargetAttributes = {
					F2D5515D2DFAC728003841BA = {
						CreatedOnToolsVersion = 16.2;
					};
					F2D551722DFAC72A003841BA = {
						CreatedOnToolsVersion = 16.2;
						TestTargetID = F2D5515D2DFAC728003841BA;
					};
					F2D5517C2DFAC72A003841BA = {
						CreatedOnToolsVersion = 16.2;
						TestTargetID = F2D5515D2DFAC728003841BA;
					};
				};
			};
			buildConfigurationList = F2D551592DFAC728003841BA /* Build configuration list for PBXProject "E-Commerce-Solution" */;
			developmentRegion = en;
			hasScannedForEncodings = 0;
			knownRegions = (
				en,
				Base,
			);
			mainGroup = F2D551552DFAC728003841BA;
			minimizedProjectReferenceProxies = 1;
			packageReferences = (
				F2D551902DFACB6E003841BA /* XCLocalSwiftPackageReference "Packages/ValidationKit" */,
				F2B350DC2E097BEB00E36157 /* XCRemoteSwiftPackageReference "firebase-ios-sdk" */,
				F24B7B402E0AC5C0005A7BDB /* XCLocalSwiftPackageReference "Packages/DataModels" */,
			);
			preferredProjectObjectVersion = 77;
			productRefGroup = F2D5515F2DFAC728003841BA /* Products */;
			projectDirPath = "";
			projectRoot = "";
			targets = (
				F2D5515D2DFAC728003841BA /* E-Commerce-Solution */,
				F2D551722DFAC72A003841BA /* E-Commerce-SolutionTests */,
				F2D5517C2DFAC72A003841BA /* E-Commerce-SolutionUITests */,
			);
		};
/* End PBXProject section */

/* Begin PBXResourcesBuildPhase section */
		F2D5515C2DFAC728003841BA /* Resources */ = {
			isa = PBXResourcesBuildPhase;
			buildActionMask = 2147483647;
			files = (
			);
			runOnlyForDeploymentPostprocessing = 0;
		};
		F2D551712DFAC72A003841BA /* Resources */ = {
			isa = PBXResourcesBuildPhase;
			buildActionMask = 2147483647;
			files = (
			);
			runOnlyForDeploymentPostprocessing = 0;
		};
		F2D5517B2DFAC72A003841BA /* Resources */ = {
			isa = PBXResourcesBuildPhase;
			buildActionMask = 2147483647;
			files = (
			);
			runOnlyForDeploymentPostprocessing = 0;
		};
/* End PBXResourcesBuildPhase section */

/* Begin PBXSourcesBuildPhase section */
		F2D5515A2DFAC728003841BA /* Sources */ = {
			isa = PBXSourcesBuildPhase;
			buildActionMask = 2147483647;
			files = (
			);
			runOnlyForDeploymentPostprocessing = 0;
		};
		F2D5516F2DFAC72A003841BA /* Sources */ = {
			isa = PBXSourcesBuildPhase;
			buildActionMask = 2147483647;
			files = (
			);
			runOnlyForDeploymentPostprocessing = 0;
		};
		F2D551792DFAC72A003841BA /* Sources */ = {
			isa = PBXSourcesBuildPhase;
			buildActionMask = 2147483647;
			files = (
			);
			runOnlyForDeploymentPostprocessing = 0;
		};
/* End PBXSourcesBuildPhase section */

/* Begin PBXTargetDependency section */
		F2D551752DFAC72A003841BA /* PBXTargetDependency */ = {
			isa = PBXTargetDependency;
			target = F2D5515D2DFAC728003841BA /* E-Commerce-Solution */;
			targetProxy = F2D551742DFAC72A003841BA /* PBXContainerItemProxy */;
		};
		F2D5517F2DFAC72A003841BA /* PBXTargetDependency */ = {
			isa = PBXTargetDependency;
			target = F2D5515D2DFAC728003841BA /* E-Commerce-Solution */;
			targetProxy = F2D5517E2DFAC72A003841BA /* PBXContainerItemProxy */;
		};
/* End PBXTargetDependency section */

/* Begin XCBuildConfiguration section */
		F2D551852DFAC72A003841BA /* Debug */ = {
			isa = XCBuildConfiguration;
			buildSettings = {
				ALWAYS_SEARCH_USER_PATHS = NO;
				ASSETCATALOG_COMPILER_GENERATE_SWIFT_ASSET_SYMBOL_EXTENSIONS = YES;
				CLANG_ANALYZER_NONNULL = YES;
				CLANG_ANALYZER_NUMBER_OBJECT_CONVERSION = YES_AGGRESSIVE;
				CLANG_CXX_LANGUAGE_STANDARD = "gnu++20";
				CLANG_ENABLE_MODULES = YES;
				CLANG_ENABLE_OBJC_ARC = YES;
				CLANG_ENABLE_OBJC_WEAK = YES;
				CLANG_WARN_BLOCK_CAPTURE_AUTORELEASING = YES;
				CLANG_WARN_BOOL_CONVERSION = YES;
				CLANG_WARN_COMMA = YES;
				CLANG_WARN_CONSTANT_CONVERSION = YES;
				CLANG_WARN_DEPRECATED_OBJC_IMPLEMENTATIONS = YES;
				CLANG_WARN_DIRECT_OBJC_ISA_USAGE = YES_ERROR;
				CLANG_WARN_DOCUMENTATION_COMMENTS = YES;
				CLANG_WARN_EMPTY_BODY = YES;
				CLANG_WARN_ENUM_CONVERSION = YES;
				CLANG_WARN_INFINITE_RECURSION = YES;
				CLANG_WARN_INT_CONVERSION = YES;
				CLANG_WARN_NON_LITERAL_NULL_CONVERSION = YES;
				CLANG_WARN_OBJC_IMPLICIT_RETAIN_SELF = YES;
				CLANG_WARN_OBJC_LITERAL_CONVERSION = YES;
				CLANG_WARN_OBJC_ROOT_CLASS = YES_ERROR;
				CLANG_WARN_QUOTED_INCLUDE_IN_FRAMEWORK_HEADER = YES;
				CLANG_WARN_RANGE_LOOP_ANALYSIS = YES;
				CLANG_WARN_STRICT_PROTOTYPES = YES;
				CLANG_WARN_SUSPICIOUS_MOVE = YES;
				CLANG_WARN_UNGUARDED_AVAILABILITY = YES_AGGRESSIVE;
				CLANG_WARN_UNREACHABLE_CODE = YES;
				CLANG_WARN__DUPLICATE_METHOD_MATCH = YES;
				COPY_PHASE_STRIP = NO;
				DEBUG_INFORMATION_FORMAT = dwarf;
				ENABLE_STRICT_OBJC_MSGSEND = YES;
				ENABLE_TESTABILITY = YES;
				ENABLE_USER_SCRIPT_SANDBOXING = YES;
				GCC_C_LANGUAGE_STANDARD = gnu17;
				GCC_DYNAMIC_NO_PIC = NO;
				GCC_NO_COMMON_BLOCKS = YES;
				GCC_OPTIMIZATION_LEVEL = 0;
				GCC_PREPROCESSOR_DEFINITIONS = (
					"DEBUG=1",
					"$(inherited)",
				);
				GCC_WARN_64_TO_32_BIT_CONVERSION = YES;
				GCC_WARN_ABOUT_RETURN_TYPE = YES_ERROR;
				GCC_WARN_UNDECLARED_SELECTOR = YES;
				GCC_WARN_UNINITIALIZED_AUTOS = YES_AGGRESSIVE;
				GCC_WARN_UNUSED_FUNCTION = YES;
				GCC_WARN_UNUSED_VARIABLE = YES;
				IPHONEOS_DEPLOYMENT_TARGET = 18.2;
				LOCALIZATION_PREFERS_STRING_CATALOGS = YES;
				MTL_ENABLE_DEBUG_INFO = INCLUDE_SOURCE;
				MTL_FAST_MATH = YES;
				ONLY_ACTIVE_ARCH = YES;
				SDKROOT = iphoneos;
				SWIFT_ACTIVE_COMPILATION_CONDITIONS = "DEBUG $(inherited)";
				SWIFT_OPTIMIZATION_LEVEL = "-Onone";
				SWIFT_VERSION = 6.0;
			};
			name = Debug;
		};
		F2D551862DFAC72A003841BA /* Release */ = {
			isa = XCBuildConfiguration;
			buildSettings = {
				ALWAYS_SEARCH_USER_PATHS = NO;
				ASSETCATALOG_COMPILER_GENERATE_SWIFT_ASSET_SYMBOL_EXTENSIONS = YES;
				CLANG_ANALYZER_NONNULL = YES;
				CLANG_ANALYZER_NUMBER_OBJECT_CONVERSION = YES_AGGRESSIVE;
				CLANG_CXX_LANGUAGE_STANDARD = "gnu++20";
				CLANG_ENABLE_MODULES = YES;
				CLANG_ENABLE_OBJC_ARC = YES;
				CLANG_ENABLE_OBJC_WEAK = YES;
				CLANG_WARN_BLOCK_CAPTURE_AUTORELEASING = YES;
				CLANG_WARN_BOOL_CONVERSION = YES;
				CLANG_WARN_COMMA = YES;
				CLANG_WARN_CONSTANT_CONVERSION = YES;
				CLANG_WARN_DEPRECATED_OBJC_IMPLEMENTATIONS = YES;
				CLANG_WARN_DIRECT_OBJC_ISA_USAGE = YES_ERROR;
				CLANG_WARN_DOCUMENTATION_COMMENTS = YES;
				CLANG_WARN_EMPTY_BODY = YES;
				CLANG_WARN_ENUM_CONVERSION = YES;
				CLANG_WARN_INFINITE_RECURSION = YES;
				CLANG_WARN_INT_CONVERSION = YES;
				CLANG_WARN_NON_LITERAL_NULL_CONVERSION = YES;
				CLANG_WARN_OBJC_IMPLICIT_RETAIN_SELF = YES;
				CLANG_WARN_OBJC_LITERAL_CONVERSION = YES;
				CLANG_WARN_OBJC_ROOT_CLASS = YES_ERROR;
				CLANG_WARN_QUOTED_INCLUDE_IN_FRAMEWORK_HEADER = YES;
				CLANG_WARN_RANGE_LOOP_ANALYSIS = YES;
				CLANG_WARN_STRICT_PROTOTYPES = YES;
				CLANG_WARN_SUSPICIOUS_MOVE = YES;
				CLANG_WARN_UNGUARDED_AVAILABILITY = YES_AGGRESSIVE;
				CLANG_WARN_UNREACHABLE_CODE = YES;
				CLANG_WARN__DUPLICATE_METHOD_MATCH = YES;
				COPY_PHASE_STRIP = NO;
				DEBUG_INFORMATION_FORMAT = "dwarf-with-dsym";
				ENABLE_NS_ASSERTIONS = NO;
				ENABLE_STRICT_OBJC_MSGSEND = YES;
				ENABLE_USER_SCRIPT_SANDBOXING = YES;
				GCC_C_LANGUAGE_STANDARD = gnu17;
				GCC_NO_COMMON_BLOCKS = YES;
				GCC_WARN_64_TO_32_BIT_CONVERSION = YES;
				GCC_WARN_ABOUT_RETURN_TYPE = YES_ERROR;
				GCC_WARN_UNDECLARED_SELECTOR = YES;
				GCC_WARN_UNINITIALIZED_AUTOS = YES_AGGRESSIVE;
				GCC_WARN_UNUSED_FUNCTION = YES;
				GCC_WARN_UNUSED_VARIABLE = YES;
				IPHONEOS_DEPLOYMENT_TARGET = 18.2;
				LOCALIZATION_PREFERS_STRING_CATALOGS = YES;
				MTL_ENABLE_DEBUG_INFO = NO;
				MTL_FAST_MATH = YES;
				SDKROOT = iphoneos;
				SWIFT_COMPILATION_MODE = wholemodule;
				SWIFT_VERSION = 6.0;
				VALIDATE_PRODUCT = YES;
			};
			name = Release;
		};
		F2D551882DFAC72A003841BA /* Debug */ = {
			isa = XCBuildConfiguration;
			buildSettings = {
				ASSETCATALOG_COMPILER_APPICON_NAME = AppIcon;
				ASSETCATALOG_COMPILER_GLOBAL_ACCENT_COLOR_NAME = AccentColor;
				ASSETCATALOG_COMPILER_INCLUDE_ALL_APPICON_ASSETS = NO;
				CODE_SIGN_STYLE = Automatic;
				CURRENT_PROJECT_VERSION = 1;
				DEVELOPMENT_ASSET_PATHS = "\"E-Commerce-Solution/Preview Content\"";
				DEVELOPMENT_TEAM = 5K72HMKV33;
				ENABLE_PREVIEWS = YES;
				GENERATE_INFOPLIST_FILE = YES;
				INFOPLIST_KEY_CFBundleDisplayName = iBuy;
				INFOPLIST_KEY_UIApplicationSceneManifest_Generation = YES;
				INFOPLIST_KEY_UIApplicationSupportsIndirectInputEvents = YES;
				INFOPLIST_KEY_UILaunchScreen_Generation = YES;
				INFOPLIST_KEY_UISupportedInterfaceOrientations_iPad = "UIInterfaceOrientationPortrait UIInterfaceOrientationPortraitUpsideDown UIInterfaceOrientationLandscapeLeft UIInterfaceOrientationLandscapeRight";
				INFOPLIST_KEY_UISupportedInterfaceOrientations_iPhone = "UIInterfaceOrientationPortrait UIInterfaceOrientationLandscapeLeft UIInterfaceOrientationLandscapeRight";
				IPHONEOS_DEPLOYMENT_TARGET = 17.6;
				LD_RUNPATH_SEARCH_PATHS = (
					"$(inherited)",
					"@executable_path/Frameworks",
				);
				MARKETING_VERSION = 1.0;
				PRODUCT_BUNDLE_IDENTIFIER = "com.yash.E-Commerce-Solution";
				PRODUCT_NAME = "$(TARGET_NAME)";
				SUPPORTED_PLATFORMS = "iphoneos iphonesimulator";
				SUPPORTS_MACCATALYST = NO;
				SUPPORTS_MAC_DESIGNED_FOR_IPHONE_IPAD = NO;
				SUPPORTS_XR_DESIGNED_FOR_IPHONE_IPAD = NO;
				SWIFT_EMIT_LOC_STRINGS = YES;
				SWIFT_UPCOMING_FEATURE_EXISTENTIAL_ANY = YES;
				SWIFT_VERSION = 6.0;
				TARGETED_DEVICE_FAMILY = "1,2";
			};
			name = Debug;
		};
		F2D551892DFAC72A003841BA /* Release */ = {
			isa = XCBuildConfiguration;
			buildSettings = {
				ASSETCATALOG_COMPILER_APPICON_NAME = AppIcon;
				ASSETCATALOG_COMPILER_GLOBAL_ACCENT_COLOR_NAME = AccentColor;
				ASSETCATALOG_COMPILER_INCLUDE_ALL_APPICON_ASSETS = NO;
				CODE_SIGN_STYLE = Automatic;
				CURRENT_PROJECT_VERSION = 1;
				DEVELOPMENT_ASSET_PATHS = "\"E-Commerce-Solution/Preview Content\"";
				DEVELOPMENT_TEAM = 5K72HMKV33;
				ENABLE_PREVIEWS = YES;
				GENERATE_INFOPLIST_FILE = YES;
				INFOPLIST_KEY_CFBundleDisplayName = iBuy;
				INFOPLIST_KEY_UIApplicationSceneManifest_Generation = YES;
				INFOPLIST_KEY_UIApplicationSupportsIndirectInputEvents = YES;
				INFOPLIST_KEY_UILaunchScreen_Generation = YES;
				INFOPLIST_KEY_UISupportedInterfaceOrientations_iPad = "UIInterfaceOrientationPortrait UIInterfaceOrientationPortraitUpsideDown UIInterfaceOrientationLandscapeLeft UIInterfaceOrientationLandscapeRight";
				INFOPLIST_KEY_UISupportedInterfaceOrientations_iPhone = "UIInterfaceOrientationPortrait UIInterfaceOrientationLandscapeLeft UIInterfaceOrientationLandscapeRight";
				IPHONEOS_DEPLOYMENT_TARGET = 17.6;
				LD_RUNPATH_SEARCH_PATHS = (
					"$(inherited)",
					"@executable_path/Frameworks",
				);
				MARKETING_VERSION = 1.0;
				PRODUCT_BUNDLE_IDENTIFIER = "com.yash.E-Commerce-Solution";
				PRODUCT_NAME = "$(TARGET_NAME)";
				SUPPORTED_PLATFORMS = "iphoneos iphonesimulator";
				SUPPORTS_MACCATALYST = NO;
				SUPPORTS_MAC_DESIGNED_FOR_IPHONE_IPAD = NO;
				SUPPORTS_XR_DESIGNED_FOR_IPHONE_IPAD = NO;
				SWIFT_EMIT_LOC_STRINGS = YES;
				SWIFT_UPCOMING_FEATURE_EXISTENTIAL_ANY = YES;
				SWIFT_VERSION = 6.0;
				TARGETED_DEVICE_FAMILY = "1,2";
			};
			name = Release;
		};
		F2D5518B2DFAC72A003841BA /* Debug */ = {
			isa = XCBuildConfiguration;
			buildSettings = {
				BUNDLE_LOADER = "$(TEST_HOST)";
				CODE_SIGN_STYLE = Automatic;
				CURRENT_PROJECT_VERSION = 1;
				DEVELOPMENT_TEAM = 5K72HMKV33;
				GENERATE_INFOPLIST_FILE = YES;
				IPHONEOS_DEPLOYMENT_TARGET = 18.2;
				MARKETING_VERSION = 1.0;
				PRODUCT_BUNDLE_IDENTIFIER = "com.yash.E-Commerce-SolutionTests";
				PRODUCT_NAME = "$(TARGET_NAME)";
				SWIFT_EMIT_LOC_STRINGS = NO;
				SWIFT_VERSION = 6.0;
				TARGETED_DEVICE_FAMILY = "1,2";
				TEST_HOST = "$(BUILT_PRODUCTS_DIR)/E-Commerce-Solution.app/$(BUNDLE_EXECUTABLE_FOLDER_PATH)/E-Commerce-Solution";
			};
			name = Debug;
		};
		F2D5518C2DFAC72A003841BA /* Release */ = {
			isa = XCBuildConfiguration;
			buildSettings = {
				BUNDLE_LOADER = "$(TEST_HOST)";
				CODE_SIGN_STYLE = Automatic;
				CURRENT_PROJECT_VERSION = 1;
				DEVELOPMENT_TEAM = 5K72HMKV33;
				GENERATE_INFOPLIST_FILE = YES;
				IPHONEOS_DEPLOYMENT_TARGET = 18.2;
				MARKETING_VERSION = 1.0;
				PRODUCT_BUNDLE_IDENTIFIER = "com.yash.E-Commerce-SolutionTests";
				PRODUCT_NAME = "$(TARGET_NAME)";
				SWIFT_EMIT_LOC_STRINGS = NO;
				SWIFT_VERSION = 6.0;
				TARGETED_DEVICE_FAMILY = "1,2";
				TEST_HOST = "$(BUILT_PRODUCTS_DIR)/E-Commerce-Solution.app/$(BUNDLE_EXECUTABLE_FOLDER_PATH)/E-Commerce-Solution";
			};
			name = Release;
		};
		F2D5518E2DFAC72A003841BA /* Debug */ = {
			isa = XCBuildConfiguration;
			buildSettings = {
				CODE_SIGN_STYLE = Automatic;
				CURRENT_PROJECT_VERSION = 1;
				DEVELOPMENT_TEAM = 5K72HMKV33;
				GENERATE_INFOPLIST_FILE = YES;
				MARKETING_VERSION = 1.0;
				PRODUCT_BUNDLE_IDENTIFIER = "com.yash.E-Commerce-SolutionUITests";
				PRODUCT_NAME = "$(TARGET_NAME)";
				SWIFT_EMIT_LOC_STRINGS = NO;
				SWIFT_VERSION = 6.0;
				TARGETED_DEVICE_FAMILY = "1,2";
				TEST_TARGET_NAME = "E-Commerce-Solution";
			};
			name = Debug;
		};
		F2D5518F2DFAC72A003841BA /* Release */ = {
			isa = XCBuildConfiguration;
			buildSettings = {
				CODE_SIGN_STYLE = Automatic;
				CURRENT_PROJECT_VERSION = 1;
				DEVELOPMENT_TEAM = 5K72HMKV33;
				GENERATE_INFOPLIST_FILE = YES;
				MARKETING_VERSION = 1.0;
				PRODUCT_BUNDLE_IDENTIFIER = "com.yash.E-Commerce-SolutionUITests";
				PRODUCT_NAME = "$(TARGET_NAME)";
				SWIFT_EMIT_LOC_STRINGS = NO;
				SWIFT_VERSION = 6.0;
				TARGETED_DEVICE_FAMILY = "1,2";
				TEST_TARGET_NAME = "E-Commerce-Solution";
			};
			name = Release;
		};
/* End XCBuildConfiguration section */

/* Begin XCConfigurationList section */
		F2D551592DFAC728003841BA /* Build configuration list for PBXProject "E-Commerce-Solution" */ = {
			isa = XCConfigurationList;
			buildConfigurations = (
				F2D551852DFAC72A003841BA /* Debug */,
				F2D551862DFAC72A003841BA /* Release */,
			);
			defaultConfigurationIsVisible = 0;
			defaultConfigurationName = Release;
		};
		F2D551872DFAC72A003841BA /* Build configuration list for PBXNativeTarget "E-Commerce-Solution" */ = {
			isa = XCConfigurationList;
			buildConfigurations = (
				F2D551882DFAC72A003841BA /* Debug */,
				F2D551892DFAC72A003841BA /* Release */,
			);
			defaultConfigurationIsVisible = 0;
			defaultConfigurationName = Release;
		};
		F2D5518A2DFAC72A003841BA /* Build configuration list for PBXNativeTarget "E-Commerce-SolutionTests" */ = {
			isa = XCConfigurationList;
			buildConfigurations = (
				F2D5518B2DFAC72A003841BA /* Debug */,
				F2D5518C2DFAC72A003841BA /* Release */,
			);
			defaultConfigurationIsVisible = 0;
			defaultConfigurationName = Release;
		};
		F2D5518D2DFAC72A003841BA /* Build configuration list for PBXNativeTarget "E-Commerce-SolutionUITests" */ = {
			isa = XCConfigurationList;
			buildConfigurations = (
				F2D5518E2DFAC72A003841BA /* Debug */,
				F2D5518F2DFAC72A003841BA /* Release */,
			);
			defaultConfigurationIsVisible = 0;
			defaultConfigurationName = Release;
		};
/* End XCConfigurationList section */

/* Begin XCLocalSwiftPackageReference section */
		F24B7B402E0AC5C0005A7BDB /* XCLocalSwiftPackageReference "Packages/DataModels" */ = {
			isa = XCLocalSwiftPackageReference;
			relativePath = Packages/DataModels;
		};
		F2D551902DFACB6E003841BA /* XCLocalSwiftPackageReference "Packages/ValidationKit" */ = {
			isa = XCLocalSwiftPackageReference;
			relativePath = Packages/ValidationKit;
		};
/* End XCLocalSwiftPackageReference section */

/* Begin XCRemoteSwiftPackageReference section */
		F2B350DC2E097BEB00E36157 /* XCRemoteSwiftPackageReference "firebase-ios-sdk" */ = {
			isa = XCRemoteSwiftPackageReference;
			repositoryURL = "https://github.com/firebase/firebase-ios-sdk";
			requirement = {
				kind = upToNextMajorVersion;
				minimumVersion = 11.14.0;
			};
		};
/* End XCRemoteSwiftPackageReference section */

/* Begin XCSwiftPackageProductDependency section */
		F24B7B412E0AC5C0005A7BDB /* DataModels */ = {
			isa = XCSwiftPackageProductDependency;
			productName = DataModels;
		};
		F2B350DD2E097BEB00E36157 /* FirebaseAuth */ = {
			isa = XCSwiftPackageProductDependency;
			package = F2B350DC2E097BEB00E36157 /* XCRemoteSwiftPackageReference "firebase-ios-sdk" */;
			productName = FirebaseAuth;
		};
		F2B350DF2E097BEB00E36157 /* FirebaseCore */ = {
			isa = XCSwiftPackageProductDependency;
			package = F2B350DC2E097BEB00E36157 /* XCRemoteSwiftPackageReference "firebase-ios-sdk" */;
			productName = FirebaseCore;
		};
		F2D551912DFACB6E003841BA /* ValidationKit */ = {
			isa = XCSwiftPackageProductDependency;
			productName = ValidationKit;
		};
/* End XCSwiftPackageProductDependency section */
	};
	rootObject = F2D551562DFAC728003841BA /* Project object */;
}
