{
  "originHash" : "0cf1fe36c1fd1fc69a5ca3325a39faf772d4814f75d374f43f9319bdc440f40a",
  "pins" : [
    {
      "identity" : "phonenumberkit",
      "kind" : "remoteSourceControl",
      "location" : "https://github.com/marmelroy/PhoneNumberKit.git",
      "state" : {
        "revision" : "24af4d5147fc42e97cb6cb3761d5d9933d41c240",
        "version" : "4.1.0"
      }
    }
  ],
  "version" : 3
}
